
Microsoft Visual Studio Solution File, Format Version 12.00
# Visual Studio Version 17
VisualStudioVersion = 17.4.33213.308
MinimumVisualStudioVersion = 10.0.40219.1
Project("{9A19103F-16F7-4668-BE54-9A1E7A4F7556}") = "ChallengeApp", "ChallengeApp\ChallengeApp.csproj", "{C8ACCD49-BED3-4CB2-B58F-18C4AECD097D}"
EndProject
Project("{FAE04EC0-301F-11D3-BF4B-00C04F79EFBC}") = "ChallengeApp.Tests", "ChallengeApp.Tests\ChallengeApp.Tests.csproj", "{9379A807-1611-4669-9955-BEFC46602AFB}"
EndProject
Global
	GlobalSection(SolutionConfigurationPlatforms) = preSolution
		Debug|Any CPU = Debug|Any CPU
		Release|Any CPU = Release|Any CPU
	EndGlobalSection
	GlobalSection(ProjectConfigurationPlatforms) = postSolution
		{C8ACCD49-BED3-4CB2-B58F-18C4AECD097D}.Debug|Any CPU.ActiveCfg = Debug|Any CPU
		{C8ACCD49-BED3-4CB2-B58F-18C4AECD097D}.Debug|Any CPU.Build.0 = Debug|Any CPU
		{C8ACCD49-BED3-4CB2-B58F-18C4AECD097D}.Release|Any CPU.ActiveCfg = Release|Any CPU
		{C8ACCD49-BED3-4CB2-B58F-18C4AECD097D}.Release|Any CPU.Build.0 = Release|Any CPU
		{9379A807-1611-4669-9955-BEFC46602AFB}.Debug|Any CPU.ActiveCfg = Debug|Any CPU
		{9379A807-1611-4669-9955-BEFC46602AFB}.Debug|Any CPU.Build.0 = Debug|Any CPU
		{9379A807-1611-4669-9955-BEFC46602AFB}.Release|Any CPU.ActiveCfg = Release|Any CPU
		{9379A807-1611-4669-9955-BEFC46602AFB}.Release|Any CPU.Build.0 = Release|Any CPU
	EndGlobalSection
	GlobalSection(SolutionProperties) = preSolution
		HideSolutionNode = FALSE
	EndGlobalSection
	GlobalSection(ExtensibilityGlobals) = postSolution
		SolutionGuid = {2CE673B6-E52B-4649-BABB-C32479200C37}
	EndGlobalSection
EndGlobal
